# This file is automatically @generated by Cargo.
# It is not intended for manual editing.
version = 4

[[package]]
name = "rcu_cell"
version = "1.1.3"
source = "registry+https://github.com/rust-lang/crates.io-index"
checksum = "42faefb2c2f585660b7d0dd6d477b6bd55c4d449fbe3e765675057bee93320a8"

[[package]]
name = "rcu_list"
version = "0.1.0"
dependencies = [
 "rcu_cell",
]
